
Microsoft Visual Studio Solution File, Format Version 12.00
# Visual Studio Version 16
VisualStudioVersion = 16.0.31702.278
MinimumVisualStudioVersion = 10.0.40219.1
Project("{FAE04EC0-301F-11D3-BF4B-00C04F79EFBC}") = "ConsoleApp", "ConsoleApp\ConsoleApp.csproj", "{CF5501DC-C534-4A8F-8CDB-5EA9667EC886}"
EndProject
Project("{FAE04EC0-301F-11D3-BF4B-00C04F79EFBC}") = "ClassLibrary", "ClassLibrary\ClassLibrary.csproj", "{C1D7FD4D-4998-456A-9DB9-E6AF11725319}"
EndProject
Global
	GlobalSection(SolutionConfigurationPlatforms) = preSolution
		Debug|Any CPU = Debug|Any CPU
		Release|Any CPU = Release|Any CPU
	EndGlobalSection
	GlobalSection(ProjectConfigurationPlatforms) = postSolution
		{CF5501DC-C534-4A8F-8CDB-5EA9667EC886}.Debug|Any CPU.ActiveCfg = Debug|Any CPU
		{CF5501DC-C534-4A8F-8CDB-5EA9667EC886}.Debug|Any CPU.Build.0 = Debug|Any CPU
		{CF5501DC-C534-4A8F-8CDB-5EA9667EC886}.Release|Any CPU.ActiveCfg = Release|Any CPU
		{CF5501DC-C534-4A8F-8CDB-5EA9667EC886}.Release|Any CPU.Build.0 = Release|Any CPU
		{C1D7FD4D-4998-456A-9DB9-E6AF11725319}.Debug|Any CPU.ActiveCfg = Debug|Any CPU
		{C1D7FD4D-4998-456A-9DB9-E6AF11725319}.Debug|Any CPU.Build.0 = Debug|Any CPU
		{C1D7FD4D-4998-456A-9DB9-E6AF11725319}.Release|Any CPU.ActiveCfg = Release|Any CPU
		{C1D7FD4D-4998-456A-9DB9-E6AF11725319}.Release|Any CPU.Build.0 = Release|Any CPU
	EndGlobalSection
	GlobalSection(SolutionProperties) = preSolution
		HideSolutionNode = FALSE
	EndGlobalSection
	GlobalSection(ExtensibilityGlobals) = postSolution
		SolutionGuid = {C7F1AEFC-4126-4149-A0B3-1D6B70C4FC7C}
	EndGlobalSection
EndGlobal
